
Microsoft Visual Studio Solution File, Format Version 12.00
# Visual Studio Version 17
VisualStudioVersion = 17.10.34928.147
MinimumVisualStudioVersion = 10.0.40219.1
Project("{FAE04EC0-301F-11D3-BF4B-00C04F79EFBC}") = "Embedded Image File Generator", "Embedded Image File Generator\Embedded Image File Generator.csproj", "{88F0CCD9-C39B-4FA5-9680-9B4ADA65339E}"
EndProject
Global
	GlobalSection(SolutionConfigurationPlatforms) = preSolution
		Debug|Any CPU = Debug|Any CPU
		Release|Any CPU = Release|Any CPU
	EndGlobalSection
	GlobalSection(ProjectConfigurationPlatforms) = postSolution
		{88F0CCD9-C39B-4FA5-9680-9B4ADA65339E}.Debug|Any CPU.ActiveCfg = Debug|Any CPU
		{88F0CCD9-C39B-4FA5-9680-9B4ADA65339E}.Debug|Any CPU.Build.0 = Debug|Any CPU
		{88F0CCD9-C39B-4FA5-9680-9B4ADA65339E}.Debug|Any CPU.Deploy.0 = Debug|Any CPU
		{88F0CCD9-C39B-4FA5-9680-9B4ADA65339E}.Release|Any CPU.ActiveCfg = Release|Any CPU
		{88F0CCD9-C39B-4FA5-9680-9B4ADA65339E}.Release|Any CPU.Build.0 = Release|Any CPU
		{88F0CCD9-C39B-4FA5-9680-9B4ADA65339E}.Release|Any CPU.Deploy.0 = Release|Any CPU
	EndGlobalSection
	GlobalSection(SolutionProperties) = preSolution
		HideSolutionNode = FALSE
	EndGlobalSection
	GlobalSection(ExtensibilityGlobals) = postSolution
		SolutionGuid = {B68E9E9C-FA90-434B-83C1-854FF4F7E408}
	EndGlobalSection
EndGlobal
